// !$*UTF8*$!
{
	archiveVersion = 1;
	classes = {
	};
	objectVersion = 55;
	objects = {

/* Begin PBXBuildFile section */
		0B6AD9990FE71FEDC3C85E14 /* Pods_RespiratoryCareInfoMap.framework in Frameworks */ = {isa = PBXBuildFile; fileRef = 5E267D0E1673776074D66C07 /* Pods_RespiratoryCareInfoMap.framework */; };
		87F3C57C27CFBE75001DC281 /* AppDelegate.swift in Sources */ = {isa = PBXBuildFile; fileRef = 87F3C57B27CFBE75001DC281 /* AppDelegate.swift */; };
		87F3C57E27CFBE75001DC281 /* SceneDelegate.swift in Sources */ = {isa = PBXBuildFile; fileRef = 87F3C57D27CFBE75001DC281 /* SceneDelegate.swift */; };
		87F3C58027CFBE75001DC281 /* ViewController.swift in Sources */ = {isa = PBXBuildFile; fileRef = 87F3C57F27CFBE75001DC281 /* ViewController.swift */; };
		87F3C58327CFBE75001DC281 /* Main.storyboard in Resources */ = {isa = PBXBuildFile; fileRef = 87F3C58127CFBE75001DC281 /* Main.storyboard */; };
		87F3C58527CFBE79001DC281 /* Assets.xcassets in Resources */ = {isa = PBXBuildFile; fileRef = 87F3C58427CFBE79001DC281 /* Assets.xcassets */; };
		87F3C58827CFBE79001DC281 /* LaunchScreen.storyboard in Resources */ = {isa = PBXBuildFile; fileRef = 87F3C58627CFBE79001DC281 /* LaunchScreen.storyboard */; };
/* End PBXBuildFile section */

/* Begin PBXFileReference section */
		5B333CF3C2151DB3E2B2BAAA /* Pods-RespiratoryCareInfoMap.release.xcconfig */ = {isa = PBXFileReference; includeInIndex = 1; lastKnownFileType = text.xcconfig; name = "Pods-RespiratoryCareInfoMap.release.xcconfig"; path = "Target Support Files/Pods-RespiratoryCareInfoMap/Pods-RespiratoryCareInfoMap.release.xcconfig"; sourceTree = "<group>"; };
		5E267D0E1673776074D66C07 /* Pods_RespiratoryCareInfoMap.framework */ = {isa = PBXFileReference; explicitFileType = wrapper.framework; includeInIndex = 0; path = Pods_RespiratoryCareInfoMap.framework; sourceTree = BUILT_PRODUCTS_DIR; };
		87F3C57827CFBE75001DC281 /* RespiratoryCareInfoMap.app */ = {isa = PBXFileReference; explicitFileType = wrapper.application; includeInIndex = 0; path = RespiratoryCareInfoMap.app; sourceTree = BUILT_PRODUCTS_DIR; };
		87F3C57B27CFBE75001DC281 /* AppDelegate.swift */ = {isa = PBXFileReference; lastKnownFileType = sourcecode.swift; path = AppDelegate.swift; sourceTree = "<group>"; };
		87F3C57D27CFBE75001DC281 /* SceneDelegate.swift */ = {isa = PBXFileReference; lastKnownFileType = sourcecode.swift; path = SceneDelegate.swift; sourceTree = "<group>"; };
		87F3C57F27CFBE75001DC281 /* ViewController.swift */ = {isa = PBXFileReference; lastKnownFileType = sourcecode.swift; path = ViewController.swift; sourceTree = "<group>"; };
		87F3C58227CFBE75001DC281 /* Base */ = {isa = PBXFileReference; lastKnownFileType = file.storyboard; name = Base; path = Base.lproj/Main.storyboard; sourceTree = "<group>"; };
		87F3C58427CFBE79001DC281 /* Assets.xcassets */ = {isa = PBXFileReference; lastKnownFileType = folder.assetcatalog; path = Assets.xcassets; sourceTree = "<group>"; };
		87F3C58727CFBE79001DC281 /* Base */ = {isa = PBXFileReference; lastKnownFileType = file.storyboard; name = Base; path = Base.lproj/LaunchScreen.storyboard; sourceTree = "<group>"; };
		87F3C58927CFBE79001DC281 /* Info.plist */ = {isa = PBXFileReference; lastKnownFileType = text.plist.xml; path = Info.plist; sourceTree = "<group>"; };
		8C65CDA614C9D45134116CF6 /* Pods-RespiratoryCareInfoMap.debug.xcconfig */ = {isa = PBXFileReference; includeInIndex = 1; lastKnownFileType = text.xcconfig; name = "Pods-RespiratoryCareInfoMap.debug.xcconfig"; path = "Target Support Files/Pods-RespiratoryCareInfoMap/Pods-RespiratoryCareInfoMap.debug.xcconfig"; sourceTree = "<group>"; };
/* End PBXFileReference section */

/* Begin PBXFrameworksBuildPhase section */
		87F3C57527CFBE75001DC281 /* Frameworks */ = {
			isa = PBXFrameworksBuildPhase;
			buildActionMask = 2147483647;
			files = (
				0B6AD9990FE71FEDC3C85E14 /* Pods_RespiratoryCareInfoMap.framework in Frameworks */,
			);
			runOnlyForDeploymentPostprocessing = 0;
		};
/* End PBXFrameworksBuildPhase section */

/* Begin PBXGroup section */
		87F3C56F27CFBE74001DC281 = {
			isa = PBXGroup;
			children = (
				87F3C57A27CFBE75001DC281 /* RespiratoryCareInfoMap */,
				87F3C57927CFBE75001DC281 /* Products */,
				95D5C2B3DF2752F89FC06A7E /* Pods */,
				D1BCD342803D55D66DBB10E2 /* Frameworks */,
			);
			sourceTree = "<group>";
		};
		87F3C57927CFBE75001DC281 /* Products */ = {
			isa = PBXGroup;
			children = (
				87F3C57827CFBE75001DC281 /* RespiratoryCareInfoMap.app */,
			);
			name = Products;
			sourceTree = "<group>";
		};
		87F3C57A27CFBE75001DC281 /* RespiratoryCareInfoMap */ = {
			isa = PBXGroup;
			children = (
				87F3C57B27CFBE75001DC281 /* AppDelegate.swift */,
				87F3C57D27CFBE75001DC281 /* SceneDelegate.swift */,
				87F3C57F27CFBE75001DC281 /* ViewController.swift */,
				87F3C58127CFBE75001DC281 /* Main.storyboard */,
				87F3C58427CFBE79001DC281 /* Assets.xcassets */,
				87F3C58627CFBE79001DC281 /* LaunchScreen.storyboard */,
				87F3C58927CFBE79001DC281 /* Info.plist */,
			);
			path = RespiratoryCareInfoMap;
			sourceTree = "<group>";
		};
		95D5C2B3DF2752F89FC06A7E /* Pods */ = {
			isa = PBXGroup;
			children = (
				8C65CDA614C9D45134116CF6 /* Pods-RespiratoryCareInfoMap.debug.xcconfig */,
				5B333CF3C2151DB3E2B2BAAA /* Pods-RespiratoryCareInfoMap.release.xcconfig */,
			);
			path = Pods;
			sourceTree = "<group>";
		};
		D1BCD342803D55D66DBB10E2 /* Frameworks */ = {
			isa = PBXGroup;
			children = (
				5E267D0E1673776074D66C07 /* Pods_RespiratoryCareInfoMap.framework */,
			);
			name = Frameworks;
			sourceTree = "<group>";
		};
/* End PBXGroup section */

/* Begin PBXNativeTarget section */
		87F3C57727CFBE75001DC281 /* RespiratoryCareInfoMap */ = {
			isa = PBXNativeTarget;
			buildConfigurationList = 87F3C58C27CFBE79001DC281 /* Build configuration list for PBXNativeTarget "RespiratoryCareInfoMap" */;
			buildPhases = (
				B127C2C470A6B43F8E417FB4 /* [CP] Check Pods Manifest.lock */,
				87F3C57427CFBE75001DC281 /* Sources */,
				87F3C57527CFBE75001DC281 /* Frameworks */,
				87F3C57627CFBE75001DC281 /* Resources */,
				A5DA3299D7482D9C1FE735F6 /* [CP] Embed Pods Frameworks */,
			);
			buildRules = (
			);
			dependencies = (
			);
			name = RespiratoryCareInfoMap;
			productName = RespiratoryCareInfoMap;
			productReference = 87F3C57827CFBE75001DC281 /* RespiratoryCareInfoMap.app */;
			productType = "com.apple.product-type.application";
		};
/* End PBXNativeTarget section */

/* Begin PBXProject section */
		87F3C57027CFBE74001DC281 /* Project object */ = {
			isa = PBXProject;
			attributes = {
				BuildIndependentTargetsInParallel = 1;
				LastSwiftUpdateCheck = 1320;
				LastUpgradeCheck = 1320;
				TargetAttributes = {
					87F3C57727CFBE75001DC281 = {
						CreatedOnToolsVersion = 13.2.1;
					};
				};
			};
			buildConfigurationList = 87F3C57327CFBE74001DC281 /* Build configuration list for PBXProject "RespiratoryCareInfoMap" */;
			compatibilityVersion = "Xcode 13.0";
			developmentRegion = en;
			hasScannedForEncodings = 0;
			knownRegions = (
				en,
				Base,
			);
			mainGroup = 87F3C56F27CFBE74001DC281;
			productRefGroup = 87F3C57927CFBE75001DC281 /* Products */;
			projectDirPath = "";
			projectRoot = "";
			targets = (
				87F3C57727CFBE75001DC281 /* RespiratoryCareInfoMap */,
			);
		};
/* End PBXProject section */

/* Begin PBXResourcesBuildPhase section */
		87F3C57627CFBE75001DC281 /* Resources */ = {
			isa = PBXResourcesBuildPhase;
			buildActionMask = 2147483647;
			files = (
				87F3C58827CFBE79001DC281 /* LaunchScreen.storyboard in Resources */,
				87F3C58527CFBE79001DC281 /* Assets.xcassets in Resources */,
				87F3C58327CFBE75001DC281 /* Main.storyboard in Resources */,
			);
			runOnlyForDeploymentPostprocessing = 0;
		};
/* End PBXResourcesBuildPhase section */

/* Begin PBXShellScriptBuildPhase section */
		A5DA3299D7482D9C1FE735F6 /* [CP] Embed Pods Frameworks */ = {
			isa = PBXShellScriptBuildPhase;
			buildActionMask = 2147483647;
			files = (
			);
			inputFileListPaths = (
				"${PODS_ROOT}/Target Support Files/Pods-RespiratoryCareInfoMap/Pods-RespiratoryCareInfoMap-frameworks-${CONFIGURATION}-input-files.xcfilelist",
			);
			name = "[CP] Embed Pods Frameworks";
			outputFileListPaths = (
				"${PODS_ROOT}/Target Support Files/Pods-RespiratoryCareInfoMap/Pods-RespiratoryCareInfoMap-frameworks-${CONFIGURATION}-output-files.xcfilelist",
			);
			runOnlyForDeploymentPostprocessing = 0;
			shellPath = /bin/sh;
			shellScript = "\"${PODS_ROOT}/Target Support Files/Pods-RespiratoryCareInfoMap/Pods-RespiratoryCareInfoMap-frameworks.sh\"\n";
			showEnvVarsInLog = 0;
		};
		B127C2C470A6B43F8E417FB4 /* [CP] Check Pods Manifest.lock */ = {
			isa = PBXShellScriptBuildPhase;
			buildActionMask = 2147483647;
			files = (
			);
			inputFileListPaths = (
			);
			inputPaths = (
				"${PODS_PODFILE_DIR_PATH}/Podfile.lock",
				"${PODS_ROOT}/Manifest.lock",
			);
			name = "[CP] Check Pods Manifest.lock";
			outputFileListPaths = (
			);
			outputPaths = (
				"$(DERIVED_FILE_DIR)/Pods-RespiratoryCareInfoMap-checkManifestLockResult.txt",
			);
			runOnlyForDeploymentPostprocessing = 0;
			shellPath = /bin/sh;
			shellScript = "diff \"${PODS_PODFILE_DIR_PATH}/Podfile.lock\" \"${PODS_ROOT}/Manifest.lock\" > /dev/null\nif [ $? != 0 ] ; then\n    # print error to STDERR\n    echo \"error: The sandbox is not in sync with the Podfile.lock. Run 'pod install' or update your CocoaPods installation.\" >&2\n    exit 1\nfi\n# This output is used by Xcode 'outputs' to avoid re-running this script phase.\necho \"SUCCESS\" > \"${SCRIPT_OUTPUT_FILE_0}\"\n";
			showEnvVarsInLog = 0;
		};
/* End PBXShellScriptBuildPhase section */

/* Begin PBXSourcesBuildPhase section */
		87F3C57427CFBE75001DC281 /* Sources */ = {
			isa = PBXSourcesBuildPhase;
			buildActionMask = 2147483647;
			files = (
				87F3C58027CFBE75001DC281 /* ViewController.swift in Sources */,
				87F3C57C27CFBE75001DC281 /* AppDelegate.swift in Sources */,
				87F3C57E27CFBE75001DC281 /* SceneDelegate.swift in Sources */,
			);
			runOnlyForDeploymentPostprocessing = 0;
		};
/* End PBXSourcesBuildPhase section */

/* Begin PBXVariantGroup section */
		87F3C58127CFBE75001DC281 /* Main.storyboard */ = {
			isa = PBXVariantGroup;
			children = (
				87F3C58227CFBE75001DC281 /* Base */,
			);
			name = Main.storyboard;
			sourceTree = "<group>";
		};
		87F3C58627CFBE79001DC281 /* LaunchScreen.storyboard */ = {
			isa = PBXVariantGroup;
			children = (
				87F3C58727CFBE79001DC281 /* Base */,
			);
			name = LaunchScreen.storyboard;
			sourceTree = "<group>";
		};
/* End PBXVariantGroup section */

/* Begin XCBuildConfiguration section */
		87F3C58A27CFBE79001DC281 /* Debug */ = {
			isa = XCBuildConfiguration;
			buildSettings = {
				ALWAYS_SEARCH_USER_PATHS = NO;
				CLANG_ANALYZER_NONNULL = YES;
				CLANG_ANALYZER_NUMBER_OBJECT_CONVERSION = YES_AGGRESSIVE;
				CLANG_CXX_LANGUAGE_STANDARD = "gnu++17";
				CLANG_CXX_LIBRARY = "libc++";
				CLANG_ENABLE_MODULES = YES;
				CLANG_ENABLE_OBJC_ARC = YES;
				CLANG_ENABLE_OBJC_WEAK = YES;
				CLANG_WARN_BLOCK_CAPTURE_AUTORELEASING = YES;
				CLANG_WARN_BOOL_CONVERSION = YES;
				CLANG_WARN_COMMA = YES;
				CLANG_WARN_CONSTANT_CONVERSION = YES;
				CLANG_WARN_DEPRECATED_OBJC_IMPLEMENTATIONS = YES;
				CLANG_WARN_DIRECT_OBJC_ISA_USAGE = YES_ERROR;
				CLANG_WARN_DOCUMENTATION_COMMENTS = YES;
				CLANG_WARN_EMPTY_BODY = YES;
				CLANG_WARN_ENUM_CONVERSION = YES;
				CLANG_WARN_INFINITE_RECURSION = YES;
				CLANG_WARN_INT_CONVERSION = YES;
				CLANG_WARN_NON_LITERAL_NULL_CONVERSION = YES;
				CLANG_WARN_OBJC_IMPLICIT_RETAIN_SELF = YES;
				CLANG_WARN_OBJC_LITERAL_CONVERSION = YES;
				CLANG_WARN_OBJC_ROOT_CLASS = YES_ERROR;
				CLANG_WARN_QUOTED_INCLUDE_IN_FRAMEWORK_HEADER = YES;
				CLANG_WARN_RANGE_LOOP_ANALYSIS = YES;
				CLANG_WARN_STRICT_PROTOTYPES = YES;
				CLANG_WARN_SUSPICIOUS_MOVE = YES;
				CLANG_WARN_UNGUARDED_AVAILABILITY = YES_AGGRESSIVE;
				CLANG_WARN_UNREACHABLE_CODE = YES;
				CLANG_WARN__DUPLICATE_METHOD_MATCH = YES;
				COPY_PHASE_STRIP = NO;
				DEBUG_INFORMATION_FORMAT = dwarf;
				ENABLE_STRICT_OBJC_MSGSEND = YES;
				ENABLE_TESTABILITY = YES;
				GCC_C_LANGUAGE_STANDARD = gnu11;
				GCC_DYNAMIC_NO_PIC = NO;
				GCC_NO_COMMON_BLOCKS = YES;
				GCC_OPTIMIZATION_LEVEL = 0;
				GCC_PREPROCESSOR_DEFINITIONS = (
					"DEBUG=1",
					"$(inherited)",
				);
				GCC_WARN_64_TO_32_BIT_CONVERSION = YES;
				GCC_WARN_ABOUT_RETURN_TYPE = YES_ERROR;
				GCC_WARN_UNDECLARED_SELECTOR = YES;
				GCC_WARN_UNINITIALIZED_AUTOS = YES_AGGRESSIVE;
				GCC_WARN_UNUSED_FUNCTION = YES;
				GCC_WARN_UNUSED_VARIABLE = YES;
				IPHONEOS_DEPLOYMENT_TARGET = 15.2;
				MTL_ENABLE_DEBUG_INFO = INCLUDE_SOURCE;
				MTL_FAST_MATH = YES;
				ONLY_ACTIVE_ARCH = YES;
				SDKROOT = iphoneos;
				SWIFT_ACTIVE_COMPILATION_CONDITIONS = DEBUG;
				SWIFT_OPTIMIZATION_LEVEL = "-Onone";
			};
			name = Debug;
		};
		87F3C58B27CFBE79001DC281 /* Release */ = {
			isa = XCBuildConfiguration;
			buildSettings = {
				ALWAYS_SEARCH_USER_PATHS = NO;
				CLANG_ANALYZER_NONNULL = YES;
				CLANG_ANALYZER_NUMBER_OBJECT_CONVERSION = YES_AGGRESSIVE;
				CLANG_CXX_LANGUAGE_STANDARD = "gnu++17";
				CLANG_CXX_LIBRARY = "libc++";
				CLANG_ENABLE_MODULES = YES;
				CLANG_ENABLE_OBJC_ARC = YES;
				CLANG_ENABLE_OBJC_WEAK = YES;
				CLANG_WARN_BLOCK_CAPTURE_AUTORELEASING = YES;
				CLANG_WARN_BOOL_CONVERSION = YES;
				CLANG_WARN_COMMA = YES;
				CLANG_WARN_CONSTANT_CONVERSION = YES;
				CLANG_WARN_DEPRECATED_OBJC_IMPLEMENTATIONS = YES;
				CLANG_WARN_DIRECT_OBJC_ISA_USAGE = YES_ERROR;
				CLANG_WARN_DOCUMENTATION_COMMENTS = YES;
				CLANG_WARN_EMPTY_BODY = YES;
				CLANG_WARN_ENUM_CONVERSION = YES;
				CLANG_WARN_INFINITE_RECURSION = YES;
				CLANG_WARN_INT_CONVERSION = YES;
				CLANG_WARN_NON_LITERAL_NULL_CONVERSION = YES;
				CLANG_WARN_OBJC_IMPLICIT_RETAIN_SELF = YES;
				CLANG_WARN_OBJC_LITERAL_CONVERSION = YES;
				CLANG_WARN_OBJC_ROOT_CLASS = YES_ERROR;
				CLANG_WARN_QUOTED_INCLUDE_IN_FRAMEWORK_HEADER = YES;
				CLANG_WARN_RANGE_LOOP_ANALYSIS = YES;
				CLANG_WARN_STRICT_PROTOTYPES = YES;
				CLANG_WARN_SUSPICIOUS_MOVE = YES;
				CLANG_WARN_UNGUARDED_AVAILABILITY = YES_AGGRESSIVE;
				CLANG_WARN_UNREACHABLE_CODE = YES;
				CLANG_WARN__DUPLICATE_METHOD_MATCH = YES;
				COPY_PHASE_STRIP = NO;
				DEBUG_INFORMATION_FORMAT = "dwarf-with-dsym";
				ENABLE_NS_ASSERTIONS = NO;
				ENABLE_STRICT_OBJC_MSGSEND = YES;
				GCC_C_LANGUAGE_STANDARD = gnu11;
				GCC_NO_COMMON_BLOCKS = YES;
				GCC_WARN_64_TO_32_BIT_CONVERSION = YES;
				GCC_WARN_ABOUT_RETURN_TYPE = YES_ERROR;
				GCC_WARN_UNDECLARED_SELECTOR = YES;
				GCC_WARN_UNINITIALIZED_AUTOS = YES_AGGRESSIVE;
				GCC_WARN_UNUSED_FUNCTION = YES;
				GCC_WARN_UNUSED_VARIABLE = YES;
				IPHONEOS_DEPLOYMENT_TARGET = 15.2;
				MTL_ENABLE_DEBUG_INFO = NO;
				MTL_FAST_MATH = YES;
				SDKROOT = iphoneos;
				SWIFT_COMPILATION_MODE = wholemodule;
				SWIFT_OPTIMIZATION_LEVEL = "-O";
				VALIDATE_PRODUCT = YES;
			};
			name = Release;
		};
		87F3C58D27CFBE79001DC281 /* Debug */ = {
			isa = XCBuildConfiguration;
			baseConfigurationReference = 8C65CDA614C9D45134116CF6 /* Pods-RespiratoryCareInfoMap.debug.xcconfig */;
			buildSettings = {
				ASSETCATALOG_COMPILER_APPICON_NAME = AppIcon;
				ASSETCATALOG_COMPILER_GLOBAL_ACCENT_COLOR_NAME = AccentColor;
				CODE_SIGN_STYLE = Automatic;
				CURRENT_PROJECT_VERSION = 1;
				DEVELOPMENT_TEAM = 6U96B8GM97;
				GENERATE_INFOPLIST_FILE = YES;
				INFOPLIST_FILE = RespiratoryCareInfoMap/Info.plist;
				INFOPLIST_KEY_CFBundleDisplayName = "호흡기 진료 병의원 정보";
				INFOPLIST_KEY_NSLocationWhenInUseUsageDescription = "지도 권한 필요";
				INFOPLIST_KEY_UIApplicationSupportsIndirectInputEvents = YES;
				INFOPLIST_KEY_UILaunchStoryboardName = LaunchScreen;
				INFOPLIST_KEY_UIMainStoryboardFile = Main;
				INFOPLIST_KEY_UISupportedInterfaceOrientations = UIInterfaceOrientationPortrait;
				INFOPLIST_KEY_UISupportedInterfaceOrientations_iPad = "UIInterfaceOrientationPortrait UIInterfaceOrientationPortraitUpsideDown UIInterfaceOrientationLandscapeLeft UIInterfaceOrientationLandscapeRight";
				INFOPLIST_KEY_UISupportedInterfaceOrientations_iPhone = "UIInterfaceOrientationPortrait UIInterfaceOrientationLandscapeLeft UIInterfaceOrientationLandscapeRight";
				INFOPLIST_KEY_UIUserInterfaceStyle = Light;
				IPHONEOS_DEPLOYMENT_TARGET = 14.0;
				LD_RUNPATH_SEARCH_PATHS = (
					"$(inherited)",
					"@executable_path/Frameworks",
				);
				MARKETING_VERSION = Beta;
				PRODUCT_BUNDLE_IDENTIFIER = "Jiwon-Jeong.RespiratoryCareInfoMap";
				PRODUCT_NAME = "$(TARGET_NAME)";
				SWIFT_EMIT_LOC_STRINGS = YES;
				SWIFT_VERSION = 5.0;
				TARGETED_DEVICE_FAMILY = 1;
			};
			name = Debug;
		};
		87F3C58E27CFBE79001DC281 /* Release */ = {
			isa = XCBuildConfiguration;
			baseConfigurationReference = 5B333CF3C2151DB3E2B2BAAA /* Pods-RespiratoryCareInfoMap.release.xcconfig */;
			buildSettings = {
				ASSETCATALOG_COMPILER_APPICON_NAME = AppIcon;
				ASSETCATALOG_COMPILER_GLOBAL_ACCENT_COLOR_NAME = AccentColor;
				CODE_SIGN_STYLE = Automatic;
				CURRENT_PROJECT_VERSION = 1;
				DEVELOPMENT_TEAM = 6U96B8GM97;
				GENERATE_INFOPLIST_FILE = YES;
				INFOPLIST_FILE = RespiratoryCareInfoMap/Info.plist;
				INFOPLIST_KEY_CFBundleDisplayName = "호흡기 진료 병의원 정보";
				INFOPLIST_KEY_NSLocationWhenInUseUsageDescription = "지도 권한 필요";
				INFOPLIST_KEY_UIApplicationSupportsIndirectInputEvents = YES;
				INFOPLIST_KEY_UILaunchStoryboardName = LaunchScreen;
				INFOPLIST_KEY_UIMainStoryboardFile = Main;
				INFOPLIST_KEY_UISupportedInterfaceOrientations = UIInterfaceOrientationPortrait;
				INFOPLIST_KEY_UISupportedInterfaceOrientations_iPad = "UIInterfaceOrientationPortrait UIInterfaceOrientationPortraitUpsideDown UIInterfaceOrientationLandscapeLeft UIInterfaceOrientationLandscapeRight";
				INFOPLIST_KEY_UISupportedInterfaceOrientations_iPhone = "UIInterfaceOrientationPortrait UIInterfaceOrientationLandscapeLeft UIInterfaceOrientationLandscapeRight";
				INFOPLIST_KEY_UIUserInterfaceStyle = Light;
				IPHONEOS_DEPLOYMENT_TARGET = 14.0;
				LD_RUNPATH_SEARCH_PATHS = (
					"$(inherited)",
					"@executable_path/Frameworks",
				);
				MARKETING_VERSION = Beta;
				PRODUCT_BUNDLE_IDENTIFIER = "Jiwon-Jeong.RespiratoryCareInfoMap";
				PRODUCT_NAME = "$(TARGET_NAME)";
				SWIFT_EMIT_LOC_STRINGS = YES;
				SWIFT_VERSION = 5.0;
				TARGETED_DEVICE_FAMILY = 1;
			};
			name = Release;
		};
/* End XCBuildConfiguration section */

/* Begin XCConfigurationList section */
		87F3C57327CFBE74001DC281 /* Build configuration list for PBXProject "RespiratoryCareInfoMap" */ = {
			isa = XCConfigurationList;
			buildConfigurations = (
				87F3C58A27CFBE79001DC281 /* Debug */,
				87F3C58B27CFBE79001DC281 /* Release */,
			);
			defaultConfigurationIsVisible = 0;
			defaultConfigurationName = Release;
		};
		87F3C58C27CFBE79001DC281 /* Build configuration list for PBXNativeTarget "RespiratoryCareInfoMap" */ = {
			isa = XCConfigurationList;
			buildConfigurations = (
				87F3C58D27CFBE79001DC281 /* Debug */,
				87F3C58E27CFBE79001DC281 /* Release */,
			);
			defaultConfigurationIsVisible = 0;
			defaultConfigurationName = Release;
		};
/* End XCConfigurationList section */
	};
	rootObject = 87F3C57027CFBE74001DC281 /* Project object */;
}
